
Microsoft Visual Studio Solution File, Format Version 12.00
Project("{FAE04EC0-301F-11D3-BF4B-00C04F79EFBC}") = "Ex05", "Ex05.csproj", "{47F52F23-EB9B-4BC9-AB55-CDD0F47AF563}"
EndProject
Global
	GlobalSection(SolutionConfigurationPlatforms) = preSolution
		Debug|Any CPU = Debug|Any CPU
		Release|Any CPU = Release|Any CPU
	EndGlobalSection
	GlobalSection(ProjectConfigurationPlatforms) = postSolution
		{47F52F23-EB9B-4BC9-AB55-CDD0F47AF563}.Debug|Any CPU.ActiveCfg = Debug|Any CPU
		{47F52F23-EB9B-4BC9-AB55-CDD0F47AF563}.Debug|Any CPU.Build.0 = Debug|Any CPU
		{47F52F23-EB9B-4BC9-AB55-CDD0F47AF563}.Release|Any CPU.ActiveCfg = Release|Any CPU
		{47F52F23-EB9B-4BC9-AB55-CDD0F47AF563}.Release|Any CPU.Build.0 = Release|Any CPU
	EndGlobalSection
EndGlobal
