
Microsoft Visual Studio Solution File, Format Version 12.00
Project("{FAE04EC0-301F-11D3-BF4B-00C04F79EFBC}") = "Ex12", "Ex12.csproj", "{CAC02668-DF6D-4367-8401-FE79AF868F1A}"
EndProject
Global
	GlobalSection(SolutionConfigurationPlatforms) = preSolution
		Debug|Any CPU = Debug|Any CPU
		Release|Any CPU = Release|Any CPU
	EndGlobalSection
	GlobalSection(ProjectConfigurationPlatforms) = postSolution
		{CAC02668-DF6D-4367-8401-FE79AF868F1A}.Debug|Any CPU.ActiveCfg = Debug|Any CPU
		{CAC02668-DF6D-4367-8401-FE79AF868F1A}.Debug|Any CPU.Build.0 = Debug|Any CPU
		{CAC02668-DF6D-4367-8401-FE79AF868F1A}.Release|Any CPU.ActiveCfg = Release|Any CPU
		{CAC02668-DF6D-4367-8401-FE79AF868F1A}.Release|Any CPU.Build.0 = Release|Any CPU
	EndGlobalSection
EndGlobal
