
Microsoft Visual Studio Solution File, Format Version 12.00
Project("{FAE04EC0-301F-11D3-BF4B-00C04F79EFBC}") = "Ex08", "Ex08.csproj", "{989F276F-DDD3-4F73-AF48-B2189AAC5997}"
EndProject
Global
	GlobalSection(SolutionConfigurationPlatforms) = preSolution
		Debug|Any CPU = Debug|Any CPU
		Release|Any CPU = Release|Any CPU
	EndGlobalSection
	GlobalSection(ProjectConfigurationPlatforms) = postSolution
		{989F276F-DDD3-4F73-AF48-B2189AAC5997}.Debug|Any CPU.ActiveCfg = Debug|Any CPU
		{989F276F-DDD3-4F73-AF48-B2189AAC5997}.Debug|Any CPU.Build.0 = Debug|Any CPU
		{989F276F-DDD3-4F73-AF48-B2189AAC5997}.Release|Any CPU.ActiveCfg = Release|Any CPU
		{989F276F-DDD3-4F73-AF48-B2189AAC5997}.Release|Any CPU.Build.0 = Release|Any CPU
	EndGlobalSection
EndGlobal
