
Microsoft Visual Studio Solution File, Format Version 12.00
Project("{FAE04EC0-301F-11D3-BF4B-00C04F79EFBC}") = "Ex10", "Ex10.csproj", "{8FD57B94-089A-49DB-A9D0-E92FFC3FDCC4}"
EndProject
Global
	GlobalSection(SolutionConfigurationPlatforms) = preSolution
		Debug|Any CPU = Debug|Any CPU
		Release|Any CPU = Release|Any CPU
	EndGlobalSection
	GlobalSection(ProjectConfigurationPlatforms) = postSolution
		{8FD57B94-089A-49DB-A9D0-E92FFC3FDCC4}.Debug|Any CPU.ActiveCfg = Debug|Any CPU
		{8FD57B94-089A-49DB-A9D0-E92FFC3FDCC4}.Debug|Any CPU.Build.0 = Debug|Any CPU
		{8FD57B94-089A-49DB-A9D0-E92FFC3FDCC4}.Release|Any CPU.ActiveCfg = Release|Any CPU
		{8FD57B94-089A-49DB-A9D0-E92FFC3FDCC4}.Release|Any CPU.Build.0 = Release|Any CPU
	EndGlobalSection
EndGlobal
