
Microsoft Visual Studio Solution File, Format Version 12.00
Project("{FAE04EC0-301F-11D3-BF4B-00C04F79EFBC}") = "Ex04", "Ex04.csproj", "{A83CEC32-18CD-414E-A000-B4AF80718650}"
EndProject
Global
	GlobalSection(SolutionConfigurationPlatforms) = preSolution
		Debug|Any CPU = Debug|Any CPU
		Release|Any CPU = Release|Any CPU
	EndGlobalSection
	GlobalSection(ProjectConfigurationPlatforms) = postSolution
		{A83CEC32-18CD-414E-A000-B4AF80718650}.Debug|Any CPU.ActiveCfg = Debug|Any CPU
		{A83CEC32-18CD-414E-A000-B4AF80718650}.Debug|Any CPU.Build.0 = Debug|Any CPU
		{A83CEC32-18CD-414E-A000-B4AF80718650}.Release|Any CPU.ActiveCfg = Release|Any CPU
		{A83CEC32-18CD-414E-A000-B4AF80718650}.Release|Any CPU.Build.0 = Release|Any CPU
	EndGlobalSection
EndGlobal
